{
  "name": "hello-world-javascript",
  "version": "1.0.0",
  "lockfileVersion": 2,
  "requires": true,
  "packages": {
    "": {
      "name": "hello-world-javascript",
      "version": "1.0.0",
      "dependencies": {
        "airplane": "^0.1.2"
      }
    },
    "node_modules/airplane": {
      "version": "0.1.2",
      "resolved": "https://registry.npmjs.org/airplane/-/airplane-0.1.2.tgz",
      "integrity": "sha512-X37WLeGZSZoMP8Zmy3pVa87vQuShEdKoUyLXVcwTy8YBBv+udYFL0yqHbkuN1q0uXIJcRRd8Sf4qmFPHbrTLBA==",
      "dependencies": {
        "uuid": "^8.3.0"
      }
    },
    "node_modules/uuid": {
      "version": "8.3.2",
      "resolved": "https://registry.npmjs.org/uuid/-/uuid-8.3.2.tgz",
      "integrity": "sha512-+NYs2QeMWy+GWFOEm9xnn6HCDp0l7QBD7ml8zLUmJ+93Q5NF0NocErnwkTkXVFNiX3/fpC6afS8Dhb/gz7R7eg==",
      "bin": {
        "uuid": "dist/bin/uuid"
      }
    }
  },
  "dependencies": {
    "airplane": {
      "version": "0.1.2",
      "resolved": "https://registry.npmjs.org/airplane/-/airplane-0.1.2.tgz",
      "integrity": "sha512-X37WLeGZSZoMP8Zmy3pVa87vQuShEdKoUyLXVcwTy8YBBv+udYFL0yqHbkuN1q0uXIJcRRd8Sf4qmFPHbrTLBA==",
      "requires": {
        "uuid": "^8.3.0"
      }
    },
    "uuid": {
      "version": "8.3.2",
      "resolved": "https://registry.npmjs.org/uuid/-/uuid-8.3.2.tgz",
      "integrity": "sha512-+NYs2QeMWy+GWFOEm9xnn6HCDp0l7QBD7ml8zLUmJ+93Q5NF0NocErnwkTkXVFNiX3/fpC6afS8Dhb/gz7R7eg=="
    }
  }
}
